# Generated by buf. DO NOT EDIT.
version: v1
deps:
  - remote: buf.build
    owner: bufbuild
    repository: protovalidate
    commit: e097f827e65240ac9fd4b1158849a8fc
    digest: shake256:f19252436fd9ded945631e2ffaaed28247a92c9015ccf55ae99db9fb3d9600c4fdb00fd2d3bd7701026ec2fd4715c5129e6ae517c25a59ba690020cfe80bf8ad
  - remote: buf.build
    owner: googleapis
    repository: googleapis
    commit: e874a0be2bf140a5a4c7d4122c635823
    digest: shake256:4fe3036b4d706f6ee2b13c730bd04777f021dfd02ed27e6e40480acfe664a7548238312ee0727fd77648a38d227e296d43f4a38a34cdd46068156211016d9657
